
Microsoft Visual Studio Solution File, Format Version 12.00
# Visual Studio Version 17
VisualStudioVersion = 17.13.35931.197 d17.13
MinimumVisualStudioVersion = 10.0.40219.1
Project("{FAE04EC0-301F-11D3-BF4B-00C04F79EFBC}") = "Dividirnumeros", "Dividirnumeros\Dividirnumeros.csproj", "{741BA965-4BCE-4755-945B-771E22190519}"
EndProject
Global
	GlobalSection(SolutionConfigurationPlatforms) = preSolution
		Debug|Any CPU = Debug|Any CPU
		Release|Any CPU = Release|Any CPU
	EndGlobalSection
	GlobalSection(ProjectConfigurationPlatforms) = postSolution
		{741BA965-4BCE-4755-945B-771E22190519}.Debug|Any CPU.ActiveCfg = Debug|Any CPU
		{741BA965-4BCE-4755-945B-771E22190519}.Debug|Any CPU.Build.0 = Debug|Any CPU
		{741BA965-4BCE-4755-945B-771E22190519}.Release|Any CPU.ActiveCfg = Release|Any CPU
		{741BA965-4BCE-4755-945B-771E22190519}.Release|Any CPU.Build.0 = Release|Any CPU
	EndGlobalSection
	GlobalSection(SolutionProperties) = preSolution
		HideSolutionNode = FALSE
	EndGlobalSection
	GlobalSection(ExtensibilityGlobals) = postSolution
		SolutionGuid = {E82B6EDB-99B3-4E36-9DA0-F4EEA9690BCC}
	EndGlobalSection
EndGlobal
